
Microsoft Visual Studio Solution File, Format Version 12.00
# Visual Studio Version 16
VisualStudioVersion = 16.0.30002.166
MinimumVisualStudioVersion = 10.0.40219.1
Project("{FAE04EC0-301F-11D3-BF4B-00C04F79EFBC}") = "ModuleLoadingSystem", "ModuleLoadingSystem\ModuleLoadingSystem.csproj", "{253CC59E-49DF-4E0A-B178-DB205496F37D}"
EndProject
Global
	GlobalSection(SolutionConfigurationPlatforms) = preSolution
		Debug|Any CPU = Debug|Any CPU
		Release|Any CPU = Release|Any CPU
	EndGlobalSection
	GlobalSection(ProjectConfigurationPlatforms) = postSolution
		{253CC59E-49DF-4E0A-B178-DB205496F37D}.Debug|Any CPU.ActiveCfg = Debug|Any CPU
		{253CC59E-49DF-4E0A-B178-DB205496F37D}.Debug|Any CPU.Build.0 = Debug|Any CPU
		{253CC59E-49DF-4E0A-B178-DB205496F37D}.Release|Any CPU.ActiveCfg = Release|Any CPU
		{253CC59E-49DF-4E0A-B178-DB205496F37D}.Release|Any CPU.Build.0 = Release|Any CPU
	EndGlobalSection
	GlobalSection(SolutionProperties) = preSolution
		HideSolutionNode = FALSE
	EndGlobalSection
	GlobalSection(ExtensibilityGlobals) = postSolution
		SolutionGuid = {6E63D5D5-6DE2-4D5D-9F9A-5523D71AEEB0}
	EndGlobalSection
EndGlobal
